
Microsoft Visual Studio Solution File, Format Version 12.00
# Visual Studio Version 16
VisualStudioVersion = 16.0.808.5
MinimumVisualStudioVersion = 10.0.40219.1
Project("{FAE04EC0-301F-11D3-BF4B-00C04F79EFBC}") = "PCI-Insured", "PCI-Insured\PCI-Insured.csproj", "{E619D307-A6CF-4140-9F47-1313D75BF3D3}"
EndProject
Project("{FAE04EC0-301F-11D3-BF4B-00C04F79EFBC}") = "CloudDataGateway", "CloudDataGateway\CloudDataGateway.csproj", "{EE14E43A-132A-4EE7-BB0F-DB18900A11F2}"
EndProject
Project("{FAE04EC0-301F-11D3-BF4B-00C04F79EFBC}") = "DataObjects", "DataObjects\DataObjects.csproj", "{060A2F66-E129-4EA0-9908-88FD23EEAB4C}"
EndProject
Global
	GlobalSection(SolutionConfigurationPlatforms) = preSolution
		Debug|anycpu = Debug|anycpu
		Release|anycpu = Release|anycpu
	EndGlobalSection
	GlobalSection(ProjectConfigurationPlatforms) = postSolution
		{E619D307-A6CF-4140-9F47-1313D75BF3D3}.Debug|anycpu.ActiveCfg = Debug|anycpu
		{E619D307-A6CF-4140-9F47-1313D75BF3D3}.Debug|anycpu.Build.0 = Debug|anycpu
		{E619D307-A6CF-4140-9F47-1313D75BF3D3}.Release|anycpu.ActiveCfg = Release|anycpu
		{E619D307-A6CF-4140-9F47-1313D75BF3D3}.Release|anycpu.Build.0 = Release|anycpu
		{EE14E43A-132A-4EE7-BB0F-DB18900A11F2}.Debug|anycpu.ActiveCfg = Debug|Any CPU
		{EE14E43A-132A-4EE7-BB0F-DB18900A11F2}.Debug|anycpu.Build.0 = Debug|Any CPU
		{EE14E43A-132A-4EE7-BB0F-DB18900A11F2}.Release|anycpu.ActiveCfg = Release|Any CPU
		{EE14E43A-132A-4EE7-BB0F-DB18900A11F2}.Release|anycpu.Build.0 = Release|Any CPU
		{060A2F66-E129-4EA0-9908-88FD23EEAB4C}.Debug|anycpu.ActiveCfg = Debug|Any CPU
		{060A2F66-E129-4EA0-9908-88FD23EEAB4C}.Debug|anycpu.Build.0 = Debug|Any CPU
		{060A2F66-E129-4EA0-9908-88FD23EEAB4C}.Release|anycpu.ActiveCfg = Release|Any CPU
		{060A2F66-E129-4EA0-9908-88FD23EEAB4C}.Release|anycpu.Build.0 = Release|Any CPU
	EndGlobalSection
	GlobalSection(SolutionProperties) = preSolution
		HideSolutionNode = FALSE
	EndGlobalSection
	GlobalSection(ExtensibilityGlobals) = postSolution
		SolutionGuid = {C1617D2C-1AAD-4457-9420-CA81EBB70EB8}
	EndGlobalSection
EndGlobal
