
Microsoft Visual Studio Solution File, Format Version 12.00
# Visual Studio 2012
VisualStudioVersion = 12.0.30501.0
MinimumVisualStudioVersion = 10.0.40219.1
Project("{FAE04EC0-301F-11D3-BF4B-00C04F79EFBC}") = "CustomDraw", "CustomDraw\CustomDraw.csproj", "{FB27C6EA-CBB5-4282-81BE-DD54E5BED578}"
EndProject
Project("{FAE04EC0-301F-11D3-BF4B-00C04F79EFBC}") = "CustomDraw.iOS", "iOS\CustomDraw.iOS.csproj", "{FA78434C-6DAA-459B-9339-5BD277710E86}"
EndProject
Project("{FAE04EC0-301F-11D3-BF4B-00C04F79EFBC}") = "CustomDraw.Droid", "Droid\CustomDraw.Droid.csproj", "{A52AA969-6596-4BA9-ADFF-3116D492B198}"
EndProject
Global
	GlobalSection(SolutionConfigurationPlatforms) = preSolution
		Ad-Hoc|Any CPU = Ad-Hoc|Any CPU
		Ad-Hoc|ARM = Ad-Hoc|ARM
		Ad-Hoc|iPhone = Ad-Hoc|iPhone
		Ad-Hoc|iPhoneSimulator = Ad-Hoc|iPhoneSimulator
		Ad-Hoc|Mixed Platforms = Ad-Hoc|Mixed Platforms
		Ad-Hoc|x86 = Ad-Hoc|x86
		AppStore|Any CPU = AppStore|Any CPU
		AppStore|ARM = AppStore|ARM
		AppStore|iPhone = AppStore|iPhone
		AppStore|iPhoneSimulator = AppStore|iPhoneSimulator
		AppStore|Mixed Platforms = AppStore|Mixed Platforms
		AppStore|x86 = AppStore|x86
		Debug|Any CPU = Debug|Any CPU
		Debug|ARM = Debug|ARM
		Debug|iPhone = Debug|iPhone
		Debug|iPhoneSimulator = Debug|iPhoneSimulator
		Debug|Mixed Platforms = Debug|Mixed Platforms
		Debug|x86 = Debug|x86
		Release|Any CPU = Release|Any CPU
		Release|ARM = Release|ARM
		Release|iPhone = Release|iPhone
		Release|iPhoneSimulator = Release|iPhoneSimulator
		Release|Mixed Platforms = Release|Mixed Platforms
		Release|x86 = Release|x86
	EndGlobalSection
	GlobalSection(ProjectConfigurationPlatforms) = postSolution
		{A52AA969-6596-4BA9-ADFF-3116D492B198}.Ad-Hoc|Any CPU.ActiveCfg = Release|Any CPU
		{A52AA969-6596-4BA9-ADFF-3116D492B198}.Ad-Hoc|Any CPU.Build.0 = Release|Any CPU
		{A52AA969-6596-4BA9-ADFF-3116D492B198}.Ad-Hoc|ARM.ActiveCfg = Release|Any CPU
		{A52AA969-6596-4BA9-ADFF-3116D492B198}.Ad-Hoc|ARM.Build.0 = Release|Any CPU
		{A52AA969-6596-4BA9-ADFF-3116D492B198}.Ad-Hoc|iPhone.ActiveCfg = Release|Any CPU
		{A52AA969-6596-4BA9-ADFF-3116D492B198}.Ad-Hoc|iPhone.Build.0 = Release|Any CPU
		{A52AA969-6596-4BA9-ADFF-3116D492B198}.Ad-Hoc|iPhoneSimulator.ActiveCfg = Release|Any CPU
		{A52AA969-6596-4BA9-ADFF-3116D492B198}.Ad-Hoc|iPhoneSimulator.Build.0 = Release|Any CPU
		{A52AA969-6596-4BA9-ADFF-3116D492B198}.Ad-Hoc|Mixed Platforms.ActiveCfg = Release|Any CPU
		{A52AA969-6596-4BA9-ADFF-3116D492B198}.Ad-Hoc|Mixed Platforms.Build.0 = Release|Any CPU
		{A52AA969-6596-4BA9-ADFF-3116D492B198}.Ad-Hoc|x86.ActiveCfg = Release|Any CPU
		{A52AA969-6596-4BA9-ADFF-3116D492B198}.Ad-Hoc|x86.Build.0 = Release|Any CPU
		{A52AA969-6596-4BA9-ADFF-3116D492B198}.AppStore|Any CPU.ActiveCfg = Release|Any CPU
		{A52AA969-6596-4BA9-ADFF-3116D492B198}.AppStore|Any CPU.Build.0 = Release|Any CPU
		{A52AA969-6596-4BA9-ADFF-3116D492B198}.AppStore|ARM.ActiveCfg = Release|Any CPU
		{A52AA969-6596-4BA9-ADFF-3116D492B198}.AppStore|ARM.Build.0 = Release|Any CPU
		{A52AA969-6596-4BA9-ADFF-3116D492B198}.AppStore|iPhone.ActiveCfg = Release|Any CPU
		{A52AA969-6596-4BA9-ADFF-3116D492B198}.AppStore|iPhone.Build.0 = Release|Any CPU
		{A52AA969-6596-4BA9-ADFF-3116D492B198}.AppStore|iPhoneSimulator.ActiveCfg = Release|Any CPU
		{A52AA969-6596-4BA9-ADFF-3116D492B198}.AppStore|iPhoneSimulator.Build.0 = Release|Any CPU
		{A52AA969-6596-4BA9-ADFF-3116D492B198}.AppStore|Mixed Platforms.ActiveCfg = Release|Any CPU
		{A52AA969-6596-4BA9-ADFF-3116D492B198}.AppStore|Mixed Platforms.Build.0 = Release|Any CPU
		{A52AA969-6596-4BA9-ADFF-3116D492B198}.AppStore|x86.ActiveCfg = Release|Any CPU
		{A52AA969-6596-4BA9-ADFF-3116D492B198}.AppStore|x86.Build.0 = Release|Any CPU
		{A52AA969-6596-4BA9-ADFF-3116D492B198}.Debug|Any CPU.ActiveCfg = Debug|Any CPU
		{A52AA969-6596-4BA9-ADFF-3116D492B198}.Debug|Any CPU.Build.0 = Debug|Any CPU
		{A52AA969-6596-4BA9-ADFF-3116D492B198}.Debug|ARM.ActiveCfg = Debug|Any CPU
		{A52AA969-6596-4BA9-ADFF-3116D492B198}.Debug|ARM.Build.0 = Debug|Any CPU
		{A52AA969-6596-4BA9-ADFF-3116D492B198}.Debug|iPhone.ActiveCfg = Debug|Any CPU
		{A52AA969-6596-4BA9-ADFF-3116D492B198}.Debug|iPhone.Build.0 = Debug|Any CPU
		{A52AA969-6596-4BA9-ADFF-3116D492B198}.Debug|iPhoneSimulator.ActiveCfg = Debug|Any CPU
		{A52AA969-6596-4BA9-ADFF-3116D492B198}.Debug|iPhoneSimulator.Build.0 = Debug|Any CPU
		{A52AA969-6596-4BA9-ADFF-3116D492B198}.Debug|Mixed Platforms.ActiveCfg = Debug|Any CPU
		{A52AA969-6596-4BA9-ADFF-3116D492B198}.Debug|Mixed Platforms.Build.0 = Debug|Any CPU
		{A52AA969-6596-4BA9-ADFF-3116D492B198}.Debug|x86.ActiveCfg = Debug|Any CPU
		{A52AA969-6596-4BA9-ADFF-3116D492B198}.Debug|x86.Build.0 = Debug|Any CPU
		{A52AA969-6596-4BA9-ADFF-3116D492B198}.Release|Any CPU.ActiveCfg = Release|Any CPU
		{A52AA969-6596-4BA9-ADFF-3116D492B198}.Release|Any CPU.Build.0 = Release|Any CPU
		{A52AA969-6596-4BA9-ADFF-3116D492B198}.Release|ARM.ActiveCfg = Release|Any CPU
		{A52AA969-6596-4BA9-ADFF-3116D492B198}.Release|ARM.Build.0 = Release|Any CPU
		{A52AA969-6596-4BA9-ADFF-3116D492B198}.Release|iPhone.ActiveCfg = Release|Any CPU
		{A52AA969-6596-4BA9-ADFF-3116D492B198}.Release|iPhone.Build.0 = Release|Any CPU
		{A52AA969-6596-4BA9-ADFF-3116D492B198}.Release|iPhoneSimulator.ActiveCfg = Release|Any CPU
		{A52AA969-6596-4BA9-ADFF-3116D492B198}.Release|iPhoneSimulator.Build.0 = Release|Any CPU
		{A52AA969-6596-4BA9-ADFF-3116D492B198}.Release|Mixed Platforms.ActiveCfg = Release|Any CPU
		{A52AA969-6596-4BA9-ADFF-3116D492B198}.Release|Mixed Platforms.Build.0 = Release|Any CPU
		{A52AA969-6596-4BA9-ADFF-3116D492B198}.Release|x86.ActiveCfg = Release|Any CPU
		{A52AA969-6596-4BA9-ADFF-3116D492B198}.Release|x86.Build.0 = Release|Any CPU
		{FA78434C-6DAA-459B-9339-5BD277710E86}.Ad-Hoc|Any CPU.ActiveCfg = Release|iPhone
		{FA78434C-6DAA-459B-9339-5BD277710E86}.Ad-Hoc|Any CPU.Build.0 = Release|iPhone
		{FA78434C-6DAA-459B-9339-5BD277710E86}.Ad-Hoc|ARM.ActiveCfg = Release|iPhone
		{FA78434C-6DAA-459B-9339-5BD277710E86}.Ad-Hoc|ARM.Build.0 = Release|iPhone
		{FA78434C-6DAA-459B-9339-5BD277710E86}.Ad-Hoc|iPhone.ActiveCfg = Release|iPhone
		{FA78434C-6DAA-459B-9339-5BD277710E86}.Ad-Hoc|iPhone.Build.0 = Release|iPhone
		{FA78434C-6DAA-459B-9339-5BD277710E86}.Ad-Hoc|iPhoneSimulator.ActiveCfg = Release|iPhone
		{FA78434C-6DAA-459B-9339-5BD277710E86}.Ad-Hoc|iPhoneSimulator.Build.0 = Release|iPhone
		{FA78434C-6DAA-459B-9339-5BD277710E86}.Ad-Hoc|Mixed Platforms.ActiveCfg = Release|iPhone
		{FA78434C-6DAA-459B-9339-5BD277710E86}.Ad-Hoc|Mixed Platforms.Build.0 = Release|iPhone
		{FA78434C-6DAA-459B-9339-5BD277710E86}.Ad-Hoc|x86.ActiveCfg = Release|iPhone
		{FA78434C-6DAA-459B-9339-5BD277710E86}.Ad-Hoc|x86.Build.0 = Release|iPhone
		{FA78434C-6DAA-459B-9339-5BD277710E86}.AppStore|Any CPU.ActiveCfg = Release|iPhone
		{FA78434C-6DAA-459B-9339-5BD277710E86}.AppStore|Any CPU.Build.0 = Release|iPhone
		{FA78434C-6DAA-459B-9339-5BD277710E86}.AppStore|ARM.ActiveCfg = Release|iPhone
		{FA78434C-6DAA-459B-9339-5BD277710E86}.AppStore|ARM.Build.0 = Release|iPhone
		{FA78434C-6DAA-459B-9339-5BD277710E86}.AppStore|iPhone.ActiveCfg = Release|iPhone
		{FA78434C-6DAA-459B-9339-5BD277710E86}.AppStore|iPhone.Build.0 = Release|iPhone
		{FA78434C-6DAA-459B-9339-5BD277710E86}.AppStore|iPhoneSimulator.ActiveCfg = Release|iPhone
		{FA78434C-6DAA-459B-9339-5BD277710E86}.AppStore|iPhoneSimulator.Build.0 = Release|iPhone
		{FA78434C-6DAA-459B-9339-5BD277710E86}.AppStore|Mixed Platforms.ActiveCfg = Release|iPhone
		{FA78434C-6DAA-459B-9339-5BD277710E86}.AppStore|Mixed Platforms.Build.0 = Release|iPhone
		{FA78434C-6DAA-459B-9339-5BD277710E86}.AppStore|x86.ActiveCfg = Release|iPhone
		{FA78434C-6DAA-459B-9339-5BD277710E86}.AppStore|x86.Build.0 = Release|iPhone
		{FA78434C-6DAA-459B-9339-5BD277710E86}.Debug|Any CPU.ActiveCfg = Debug|iPhone
		{FA78434C-6DAA-459B-9339-5BD277710E86}.Debug|Any CPU.Build.0 = Debug|iPhone
		{FA78434C-6DAA-459B-9339-5BD277710E86}.Debug|ARM.ActiveCfg = Debug|iPhone
		{FA78434C-6DAA-459B-9339-5BD277710E86}.Debug|ARM.Build.0 = Debug|iPhone
		{FA78434C-6DAA-459B-9339-5BD277710E86}.Debug|iPhone.ActiveCfg = Debug|iPhone
		{FA78434C-6DAA-459B-9339-5BD277710E86}.Debug|iPhone.Build.0 = Debug|iPhone
		{FA78434C-6DAA-459B-9339-5BD277710E86}.Debug|iPhoneSimulator.ActiveCfg = Debug|iPhoneSimulator
		{FA78434C-6DAA-459B-9339-5BD277710E86}.Debug|iPhoneSimulator.Build.0 = Debug|iPhoneSimulator
		{FA78434C-6DAA-459B-9339-5BD277710E86}.Debug|Mixed Platforms.ActiveCfg = Debug|iPhoneSimulator
		{FA78434C-6DAA-459B-9339-5BD277710E86}.Debug|Mixed Platforms.Build.0 = Debug|iPhoneSimulator
		{FA78434C-6DAA-459B-9339-5BD277710E86}.Debug|x86.ActiveCfg = Debug|iPhone
		{FA78434C-6DAA-459B-9339-5BD277710E86}.Debug|x86.Build.0 = Debug|iPhone
		{FA78434C-6DAA-459B-9339-5BD277710E86}.Release|Any CPU.ActiveCfg = Release|iPhone
		{FA78434C-6DAA-459B-9339-5BD277710E86}.Release|Any CPU.Build.0 = Release|iPhone
		{FA78434C-6DAA-459B-9339-5BD277710E86}.Release|ARM.ActiveCfg = Release|iPhone
		{FA78434C-6DAA-459B-9339-5BD277710E86}.Release|ARM.Build.0 = Release|iPhone
		{FA78434C-6DAA-459B-9339-5BD277710E86}.Release|iPhone.ActiveCfg = Release|iPhone
		{FA78434C-6DAA-459B-9339-5BD277710E86}.Release|iPhone.Build.0 = Release|iPhone
		{FA78434C-6DAA-459B-9339-5BD277710E86}.Release|iPhoneSimulator.ActiveCfg = Release|iPhoneSimulator
		{FA78434C-6DAA-459B-9339-5BD277710E86}.Release|iPhoneSimulator.Build.0 = Release|iPhoneSimulator
		{FA78434C-6DAA-459B-9339-5BD277710E86}.Release|Mixed Platforms.ActiveCfg = Release|iPhone
		{FA78434C-6DAA-459B-9339-5BD277710E86}.Release|Mixed Platforms.Build.0 = Release|iPhone
		{FA78434C-6DAA-459B-9339-5BD277710E86}.Release|x86.ActiveCfg = Release|iPhone
		{FA78434C-6DAA-459B-9339-5BD277710E86}.Release|x86.Build.0 = Release|iPhone
		{FB27C6EA-CBB5-4282-81BE-DD54E5BED578}.Ad-Hoc|Any CPU.ActiveCfg = Release|Any CPU
		{FB27C6EA-CBB5-4282-81BE-DD54E5BED578}.Ad-Hoc|Any CPU.Build.0 = Release|Any CPU
		{FB27C6EA-CBB5-4282-81BE-DD54E5BED578}.Ad-Hoc|ARM.ActiveCfg = Release|Any CPU
		{FB27C6EA-CBB5-4282-81BE-DD54E5BED578}.Ad-Hoc|ARM.Build.0 = Release|Any CPU
		{FB27C6EA-CBB5-4282-81BE-DD54E5BED578}.Ad-Hoc|iPhone.ActiveCfg = Release|Any CPU
		{FB27C6EA-CBB5-4282-81BE-DD54E5BED578}.Ad-Hoc|iPhone.Build.0 = Release|Any CPU
		{FB27C6EA-CBB5-4282-81BE-DD54E5BED578}.Ad-Hoc|iPhoneSimulator.ActiveCfg = Release|Any CPU
		{FB27C6EA-CBB5-4282-81BE-DD54E5BED578}.Ad-Hoc|iPhoneSimulator.Build.0 = Release|Any CPU
		{FB27C6EA-CBB5-4282-81BE-DD54E5BED578}.Ad-Hoc|Mixed Platforms.ActiveCfg = Release|Any CPU
		{FB27C6EA-CBB5-4282-81BE-DD54E5BED578}.Ad-Hoc|Mixed Platforms.Build.0 = Release|Any CPU
		{FB27C6EA-CBB5-4282-81BE-DD54E5BED578}.Ad-Hoc|x86.ActiveCfg = Release|Any CPU
		{FB27C6EA-CBB5-4282-81BE-DD54E5BED578}.Ad-Hoc|x86.Build.0 = Release|Any CPU
		{FB27C6EA-CBB5-4282-81BE-DD54E5BED578}.AppStore|Any CPU.ActiveCfg = Release|Any CPU
		{FB27C6EA-CBB5-4282-81BE-DD54E5BED578}.AppStore|Any CPU.Build.0 = Release|Any CPU
		{FB27C6EA-CBB5-4282-81BE-DD54E5BED578}.AppStore|ARM.ActiveCfg = Release|Any CPU
		{FB27C6EA-CBB5-4282-81BE-DD54E5BED578}.AppStore|ARM.Build.0 = Release|Any CPU
		{FB27C6EA-CBB5-4282-81BE-DD54E5BED578}.AppStore|iPhone.ActiveCfg = Release|Any CPU
		{FB27C6EA-CBB5-4282-81BE-DD54E5BED578}.AppStore|iPhone.Build.0 = Release|Any CPU
		{FB27C6EA-CBB5-4282-81BE-DD54E5BED578}.AppStore|iPhoneSimulator.ActiveCfg = Release|Any CPU
		{FB27C6EA-CBB5-4282-81BE-DD54E5BED578}.AppStore|iPhoneSimulator.Build.0 = Release|Any CPU
		{FB27C6EA-CBB5-4282-81BE-DD54E5BED578}.AppStore|Mixed Platforms.ActiveCfg = Release|Any CPU
		{FB27C6EA-CBB5-4282-81BE-DD54E5BED578}.AppStore|Mixed Platforms.Build.0 = Release|Any CPU
		{FB27C6EA-CBB5-4282-81BE-DD54E5BED578}.AppStore|x86.ActiveCfg = Release|Any CPU
		{FB27C6EA-CBB5-4282-81BE-DD54E5BED578}.AppStore|x86.Build.0 = Release|Any CPU
		{FB27C6EA-CBB5-4282-81BE-DD54E5BED578}.Debug|Any CPU.ActiveCfg = Debug|Any CPU
		{FB27C6EA-CBB5-4282-81BE-DD54E5BED578}.Debug|Any CPU.Build.0 = Debug|Any CPU
		{FB27C6EA-CBB5-4282-81BE-DD54E5BED578}.Debug|ARM.ActiveCfg = Debug|Any CPU
		{FB27C6EA-CBB5-4282-81BE-DD54E5BED578}.Debug|ARM.Build.0 = Debug|Any CPU
		{FB27C6EA-CBB5-4282-81BE-DD54E5BED578}.Debug|iPhone.ActiveCfg = Debug|Any CPU
		{FB27C6EA-CBB5-4282-81BE-DD54E5BED578}.Debug|iPhone.Build.0 = Debug|Any CPU
		{FB27C6EA-CBB5-4282-81BE-DD54E5BED578}.Debug|iPhoneSimulator.ActiveCfg = Debug|Any CPU
		{FB27C6EA-CBB5-4282-81BE-DD54E5BED578}.Debug|iPhoneSimulator.Build.0 = Debug|Any CPU
		{FB27C6EA-CBB5-4282-81BE-DD54E5BED578}.Debug|Mixed Platforms.ActiveCfg = Debug|Any CPU
		{FB27C6EA-CBB5-4282-81BE-DD54E5BED578}.Debug|Mixed Platforms.Build.0 = Debug|Any CPU
		{FB27C6EA-CBB5-4282-81BE-DD54E5BED578}.Debug|x86.ActiveCfg = Debug|Any CPU
		{FB27C6EA-CBB5-4282-81BE-DD54E5BED578}.Debug|x86.Build.0 = Debug|Any CPU
		{FB27C6EA-CBB5-4282-81BE-DD54E5BED578}.Release|Any CPU.ActiveCfg = Release|Any CPU
		{FB27C6EA-CBB5-4282-81BE-DD54E5BED578}.Release|Any CPU.Build.0 = Release|Any CPU
		{FB27C6EA-CBB5-4282-81BE-DD54E5BED578}.Release|ARM.ActiveCfg = Release|Any CPU
		{FB27C6EA-CBB5-4282-81BE-DD54E5BED578}.Release|ARM.Build.0 = Release|Any CPU
		{FB27C6EA-CBB5-4282-81BE-DD54E5BED578}.Release|iPhone.ActiveCfg = Release|Any CPU
		{FB27C6EA-CBB5-4282-81BE-DD54E5BED578}.Release|iPhone.Build.0 = Release|Any CPU
		{FB27C6EA-CBB5-4282-81BE-DD54E5BED578}.Release|iPhoneSimulator.ActiveCfg = Release|Any CPU
		{FB27C6EA-CBB5-4282-81BE-DD54E5BED578}.Release|iPhoneSimulator.Build.0 = Release|Any CPU
		{FB27C6EA-CBB5-4282-81BE-DD54E5BED578}.Release|Mixed Platforms.ActiveCfg = Release|Any CPU
		{FB27C6EA-CBB5-4282-81BE-DD54E5BED578}.Release|Mixed Platforms.Build.0 = Release|Any CPU
		{FB27C6EA-CBB5-4282-81BE-DD54E5BED578}.Release|x86.ActiveCfg = Release|Any CPU
		{FB27C6EA-CBB5-4282-81BE-DD54E5BED578}.Release|x86.Build.0 = Release|Any CPU
	EndGlobalSection
	GlobalSection(SharedMSBuildProjectFiles) = preSolution
		DrawIt\DrawIt\DrawIt.projitems*{46d85232-4c30-4881-ae5b-94981f215851}*SharedItemsImports = 4
		DrawIt\DrawIt\DrawIt.projitems*{c1cf338d-8803-40a8-99af-5ff6d9ce7e59}*SharedItemsImports = 13
		DrawIt\DrawIt\DrawIt.projitems*{6776f685-5a66-4263-9f43-1c0872f07d48}*SharedItemsImports = 4
		DrawIt\DrawIt\DrawIt.projitems*{f7951e1c-c021-4d5c-bdd9-65196f5cf282}*SharedItemsImports = 4
	EndGlobalSection
	GlobalSection(SolutionProperties) = preSolution
		HideSolutionNode = FALSE
	EndGlobalSection
EndGlobal
